{
	"name": "morning-email-cron",
	"version": "1.0.0",
	"lockfileVersion": 3,
	"requires": true,
	"packages": {
		"": {
			"name": "morning-email-cron",
			"version": "1.0.0",
			"dependencies": {
				"nodemailer": "^6.9.7"
			},
			"devDependencies": {
				"dotenv": "^17.2.3"
			}
		},
		"node_modules/dotenv": {
			"version": "17.2.3",
			"resolved": "https://registry.npmjs.org/dotenv/-/dotenv-17.2.3.tgz",
			"integrity": "sha512-JVUnt+DUIzu87TABbhPmNfVdBDt18BLOWjMUFJMSi/Qqg7NTYtabbvSNJGOJ7afbRuv9D/lngizHtP7QyLQ+9w==",
			"dev": true,
			"license": "BSD-2-Clause",
			"engines": {
				"node": ">=12"
			},
			"funding": {
				"url": "https://dotenvx.com"
			}
		},
		"node_modules/nodemailer": {
			"version": "6.10.1",
			"resolved": "https://registry.npmjs.org/nodemailer/-/nodemailer-6.10.1.tgz",
			"integrity": "sha512-Z+iLaBGVaSjbIzQ4pX6XV41HrooLsQ10ZWPUehGmuantvzWoDVBnmsdUcOIDM1t+yPor5pDhVlDESgOMEGxhHA==",
			"license": "MIT-0",
			"engines": {
				"node": ">=6.0.0"
			}
		}
	}
}
